<?xml version="1.0" encoding="utf-8"?>
<Project ToolsVersion="4.0" xmlns="http://schemas.microsoft.com/developer/msbuild/2003">
  <ItemGroup>
    <ClInclude Include="include\Game.h">
      <Filter>include</Filter>
    </ClInclude>
    <ClInclude Include="include\util\FileUtil.h">
      <Filter>include\util</Filter>
    </ClInclude>
    <ClInclude Include="include\render\Shader.h">
      <Filter>include\render</Filter>
    </ClInclude>
    <ClInclude Include="include\glad\glad.h">
      <Filter>include\lib</Filter>
    </ClInclude>
    <ClInclude Include="include\GLFW\glfw3.h">
      <Filter>include\lib</Filter>
    </ClInclude>
    <ClInclude Include="include\GLFW\glfw3native.h">
      <Filter>include\lib</Filter>
    </ClInclude>
    <ClInclude Include="include\KHR\khrplatform.h">
      <Filter>include\lib</Filter>
    </ClInclude>
    <ClInclude Include="include\stb_image.h">
      <Filter>include\lib</Filter>
    </ClInclude>
    <ClInclude Include="include\engine\Resources.h">
      <Filter>include\engine</Filter>
    </ClInclude>
    <ClInclude Include="include\engine\Texture2D.h">
      <Filter>include\engine</Filter>
    </ClInclude>
    <ClInclude Include="include\engine\Component.h">
      <Filter>include\engine</Filter>
    </ClInclude>
    <ClInclude Include="include\engine\OSObject.h">
      <Filter>include\engine</Filter>
    </ClInclude>
    <ClInclude Include="include\engine\ResourceObject.h">
      <Filter>include\engine</Filter>
    </ClInclude>
    <ClInclude Include="include\glm\simd\common.h">
      <Filter>include\lib\glm\simd</Filter>
    </ClInclude>
    <ClInclude Include="include\glm\simd\exponential.h">
      <Filter>include\lib\glm\simd</Filter>
    </ClInclude>
    <ClInclude Include="include\glm\simd\geometric.h">
      <Filter>include\lib\glm\simd</Filter>
    </ClInclude>
    <ClInclude Include="include\glm\simd\integer.h">
      <Filter>include\lib\glm\simd</Filter>
    </ClInclude>
    <ClInclude Include="include\glm\simd\matrix.h">
      <Filter>include\lib\glm\simd</Filter>
    </ClInclude>
    <ClInclude Include="include\glm\simd\packing.h">
      <Filter>include\lib\glm\simd</Filter>
    </ClInclude>
    <ClInclude Include="include\glm\simd\platform.h">
      <Filter>include\lib\glm\simd</Filter>
    </ClInclude>
    <ClInclude Include="include\glm\simd\trigonometric.h">
      <Filter>include\lib\glm\simd</Filter>
    </ClInclude>
    <ClInclude Include="include\glm\simd\vector_relational.h">
      <Filter>include\lib\glm\simd</Filter>
    </ClInclude>
    <ClInclude Include="include\glm\detail\_features.hpp">
      <Filter>include\lib\glm\detail</Filter>
    </ClInclude>
    <ClInclude Include="include\glm\detail\_fixes.hpp">
      <Filter>include\lib\glm\detail</Filter>
    </ClInclude>
    <ClInclude Include="include\glm\detail\_noise.hpp">
      <Filter>include\lib\glm\detail</Filter>
    </ClInclude>
    <ClInclude Include="include\glm\detail\_swizzle.hpp">
      <Filter>include\lib\glm\detail</Filter>
    </ClInclude>
    <ClInclude Include="include\glm\detail\_swizzle_func.hpp">
      <Filter>include\lib\glm\detail</Filter>
    </ClInclude>
    <ClInclude Include="include\glm\detail\_vectorize.hpp">
      <Filter>include\lib\glm\detail</Filter>
    </ClInclude>
    <ClInclude Include="include\glm\detail\compute_common.hpp">
      <Filter>include\lib\glm\detail</Filter>
    </ClInclude>
    <ClInclude Include="include\glm\detail\compute_vector_relational.hpp">
      <Filter>include\lib\glm\detail</Filter>
    </ClInclude>
    <ClInclude Include="include\glm\detail\qualifier.hpp">
      <Filter>include\lib\glm\detail</Filter>
    </ClInclude>
    <ClInclude Include="include\glm\detail\setup.hpp">
      <Filter>include\lib\glm\detail</Filter>
    </ClInclude>
    <ClInclude Include="include\glm\detail\type_float.hpp">
      <Filter>include\lib\glm\detail</Filter>
    </ClInclude>
    <ClInclude Include="include\glm\detail\type_half.hpp">
      <Filter>include\lib\glm\detail</Filter>
    </ClInclude>
    <ClInclude Include="include\glm\detail\type_mat2x2.hpp">
      <Filter>include\lib\glm\detail</Filter>
    </ClInclude>
    <ClInclude Include="include\glm\detail\type_mat2x3.hpp">
      <Filter>include\lib\glm\detail</Filter>
    </ClInclude>
    <ClInclude Include="include\glm\detail\type_mat2x4.hpp">
      <Filter>include\lib\glm\detail</Filter>
    </ClInclude>
    <ClInclude Include="include\glm\detail\type_mat3x2.hpp">
      <Filter>include\lib\glm\detail</Filter>
    </ClInclude>
    <ClInclude Include="include\glm\detail\type_mat3x3.hpp">
      <Filter>include\lib\glm\detail</Filter>
    </ClInclude>
    <ClInclude Include="include\glm\detail\type_mat3x4.hpp">
      <Filter>include\lib\glm\detail</Filter>
    </ClInclude>
    <ClInclude Include="include\glm\detail\type_mat4x2.hpp">
      <Filter>include\lib\glm\detail</Filter>
    </ClInclude>
    <ClInclude Include="include\glm\detail\type_mat4x3.hpp">
      <Filter>include\lib\glm\detail</Filter>
    </ClInclude>
    <ClInclude Include="include\glm\detail\type_mat4x4.hpp">
      <Filter>include\lib\glm\detail</Filter>
    </ClInclude>
    <ClInclude Include="include\glm\detail\type_quat.hpp">
      <Filter>include\lib\glm\detail</Filter>
    </ClInclude>
    <ClInclude Include="include\glm\detail\type_vec1.hpp">
      <Filter>include\lib\glm\detail</Filter>
    </ClInclude>
    <ClInclude Include="include\glm\detail\type_vec2.hpp">
      <Filter>include\lib\glm\detail</Filter>
    </ClInclude>
    <ClInclude Include="include\glm\detail\type_vec3.hpp">
      <Filter>include\lib\glm\detail</Filter>
    </ClInclude>
    <ClInclude Include="include\glm\detail\type_vec4.hpp">
      <Filter>include\lib\glm\detail</Filter>
    </ClInclude>
    <ClInclude Include="include\glm\ext\matrix_clip_space.hpp">
      <Filter>include\lib\glm\ext</Filter>
    </ClInclude>
    <ClInclude Include="include\glm\ext\matrix_common.hpp">
      <Filter>include\lib\glm\ext</Filter>
    </ClInclude>
    <ClInclude Include="include\glm\ext\matrix_double2x2.hpp">
      <Filter>include\lib\glm\ext</Filter>
    </ClInclude>
    <ClInclude Include="include\glm\ext\matrix_double2x2_precision.hpp">
      <Filter>include\lib\glm\ext</Filter>
    </ClInclude>
    <ClInclude Include="include\glm\ext\matrix_double2x3.hpp">
      <Filter>include\lib\glm\ext</Filter>
    </ClInclude>
    <ClInclude Include="include\glm\ext\matrix_double2x3_precision.hpp">
      <Filter>include\lib\glm\ext</Filter>
    </ClInclude>
    <ClInclude Include="include\glm\ext\matrix_double2x4.hpp">
      <Filter>include\lib\glm\ext</Filter>
    </ClInclude>
    <ClInclude Include="include\glm\ext\matrix_double2x4_precision.hpp">
      <Filter>include\lib\glm\ext</Filter>
    </ClInclude>
    <ClInclude Include="include\glm\ext\matrix_double3x2.hpp">
      <Filter>include\lib\glm\ext</Filter>
    </ClInclude>
    <ClInclude Include="include\glm\ext\matrix_double3x2_precision.hpp">
      <Filter>include\lib\glm\ext</Filter>
    </ClInclude>
    <ClInclude Include="include\glm\ext\matrix_double3x3.hpp">
      <Filter>include\lib\glm\ext</Filter>
    </ClInclude>
    <ClInclude Include="include\glm\ext\matrix_double3x3_precision.hpp">
      <Filter>include\lib\glm\ext</Filter>
    </ClInclude>
    <ClInclude Include="include\glm\ext\matrix_double3x4.hpp">
      <Filter>include\lib\glm\ext</Filter>
    </ClInclude>
    <ClInclude Include="include\glm\ext\matrix_double3x4_precision.hpp">
      <Filter>include\lib\glm\ext</Filter>
    </ClInclude>
    <ClInclude Include="include\glm\ext\matrix_double4x2.hpp">
      <Filter>include\lib\glm\ext</Filter>
    </ClInclude>
    <ClInclude Include="include\glm\ext\matrix_double4x2_precision.hpp">
      <Filter>include\lib\glm\ext</Filter>
    </ClInclude>
    <ClInclude Include="include\glm\ext\matrix_double4x3.hpp">
      <Filter>include\lib\glm\ext</Filter>
    </ClInclude>
    <ClInclude Include="include\glm\ext\matrix_double4x3_precision.hpp">
      <Filter>include\lib\glm\ext</Filter>
    </ClInclude>
    <ClInclude Include="include\glm\ext\matrix_double4x4.hpp">
      <Filter>include\lib\glm\ext</Filter>
    </ClInclude>
    <ClInclude Include="include\glm\ext\matrix_double4x4_precision.hpp">
      <Filter>include\lib\glm\ext</Filter>
    </ClInclude>
    <ClInclude Include="include\glm\ext\matrix_float2x2.hpp">
      <Filter>include\lib\glm\ext</Filter>
    </ClInclude>
    <ClInclude Include="include\glm\ext\matrix_float2x2_precision.hpp">
      <Filter>include\lib\glm\ext</Filter>
    </ClInclude>
    <ClInclude Include="include\glm\ext\matrix_float2x3.hpp">
      <Filter>include\lib\glm\ext</Filter>
    </ClInclude>
    <ClInclude Include="include\glm\ext\matrix_float2x3_precision.hpp">
      <Filter>include\lib\glm\ext</Filter>
    </ClInclude>
    <ClInclude Include="include\glm\ext\matrix_float2x4.hpp">
      <Filter>include\lib\glm\ext</Filter>
    </ClInclude>
    <ClInclude Include="include\glm\ext\matrix_float2x4_precision.hpp">
      <Filter>include\lib\glm\ext</Filter>
    </ClInclude>
    <ClInclude Include="include\glm\ext\matrix_float3x2.hpp">
      <Filter>include\lib\glm\ext</Filter>
    </ClInclude>
    <ClInclude Include="include\glm\ext\matrix_float3x2_precision.hpp">
      <Filter>include\lib\glm\ext</Filter>
    </ClInclude>
    <ClInclude Include="include\glm\ext\matrix_float3x3.hpp">
      <Filter>include\lib\glm\ext</Filter>
    </ClInclude>
    <ClInclude Include="include\glm\ext\matrix_float3x3_precision.hpp">
      <Filter>include\lib\glm\ext</Filter>
    </ClInclude>
    <ClInclude Include="include\glm\ext\matrix_float3x4.hpp">
      <Filter>include\lib\glm\ext</Filter>
    </ClInclude>
    <ClInclude Include="include\glm\ext\matrix_float3x4_precision.hpp">
      <Filter>include\lib\glm\ext</Filter>
    </ClInclude>
    <ClInclude Include="include\glm\ext\matrix_float4x2.hpp">
      <Filter>include\lib\glm\ext</Filter>
    </ClInclude>
    <ClInclude Include="include\glm\ext\matrix_float4x2_precision.hpp">
      <Filter>include\lib\glm\ext</Filter>
    </ClInclude>
    <ClInclude Include="include\glm\ext\matrix_float4x3.hpp">
      <Filter>include\lib\glm\ext</Filter>
    </ClInclude>
    <ClInclude Include="include\glm\ext\matrix_float4x3_precision.hpp">
      <Filter>include\lib\glm\ext</Filter>
    </ClInclude>
    <ClInclude Include="include\glm\ext\matrix_float4x4.hpp">
      <Filter>include\lib\glm\ext</Filter>
    </ClInclude>
    <ClInclude Include="include\glm\ext\matrix_float4x4_precision.hpp">
      <Filter>include\lib\glm\ext</Filter>
    </ClInclude>
    <ClInclude Include="include\glm\ext\matrix_projection.hpp">
      <Filter>include\lib\glm\ext</Filter>
    </ClInclude>
    <ClInclude Include="include\glm\ext\matrix_relational.hpp">
      <Filter>include\lib\glm\ext</Filter>
    </ClInclude>
    <ClInclude Include="include\glm\ext\matrix_transform.hpp">
      <Filter>include\lib\glm\ext</Filter>
    </ClInclude>
    <ClInclude Include="include\glm\ext\quaternion_common.hpp">
      <Filter>include\lib\glm\ext</Filter>
    </ClInclude>
    <ClInclude Include="include\glm\ext\quaternion_double.hpp">
      <Filter>include\lib\glm\ext</Filter>
    </ClInclude>
    <ClInclude Include="include\glm\ext\quaternion_double_precision.hpp">
      <Filter>include\lib\glm\ext</Filter>
    </ClInclude>
    <ClInclude Include="include\glm\ext\quaternion_exponential.hpp">
      <Filter>include\lib\glm\ext</Filter>
    </ClInclude>
    <ClInclude Include="include\glm\ext\quaternion_float.hpp">
      <Filter>include\lib\glm\ext</Filter>
    </ClInclude>
    <ClInclude Include="include\glm\ext\quaternion_float_precision.hpp">
      <Filter>include\lib\glm\ext</Filter>
    </ClInclude>
    <ClInclude Include="include\glm\ext\quaternion_geometric.hpp">
      <Filter>include\lib\glm\ext</Filter>
    </ClInclude>
    <ClInclude Include="include\glm\ext\quaternion_relational.hpp">
      <Filter>include\lib\glm\ext</Filter>
    </ClInclude>
    <ClInclude Include="include\glm\ext\quaternion_transform.hpp">
      <Filter>include\lib\glm\ext</Filter>
    </ClInclude>
    <ClInclude Include="include\glm\ext\quaternion_trigonometric.hpp">
      <Filter>include\lib\glm\ext</Filter>
    </ClInclude>
    <ClInclude Include="include\glm\ext\scalar_common.hpp">
      <Filter>include\lib\glm\ext</Filter>
    </ClInclude>
    <ClInclude Include="include\glm\ext\scalar_constants.hpp">
      <Filter>include\lib\glm\ext</Filter>
    </ClInclude>
    <ClInclude Include="include\glm\ext\scalar_int_sized.hpp">
      <Filter>include\lib\glm\ext</Filter>
    </ClInclude>
    <ClInclude Include="include\glm\ext\scalar_relational.hpp">
      <Filter>include\lib\glm\ext</Filter>
    </ClInclude>
    <ClInclude Include="include\glm\ext\scalar_uint_sized.hpp">
      <Filter>include\lib\glm\ext</Filter>
    </ClInclude>
    <ClInclude Include="include\glm\ext\scalar_ulp.hpp">
      <Filter>include\lib\glm\ext</Filter>
    </ClInclude>
    <ClInclude Include="include\glm\ext\vector_bool1.hpp">
      <Filter>include\lib\glm\ext</Filter>
    </ClInclude>
    <ClInclude Include="include\glm\ext\vector_bool1_precision.hpp">
      <Filter>include\lib\glm\ext</Filter>
    </ClInclude>
    <ClInclude Include="include\glm\ext\vector_bool2.hpp">
      <Filter>include\lib\glm\ext</Filter>
    </ClInclude>
    <ClInclude Include="include\glm\ext\vector_bool2_precision.hpp">
      <Filter>include\lib\glm\ext</Filter>
    </ClInclude>
    <ClInclude Include="include\glm\ext\vector_bool3.hpp">
      <Filter>include\lib\glm\ext</Filter>
    </ClInclude>
    <ClInclude Include="include\glm\ext\vector_bool3_precision.hpp">
      <Filter>include\lib\glm\ext</Filter>
    </ClInclude>
    <ClInclude Include="include\glm\ext\vector_bool4.hpp">
      <Filter>include\lib\glm\ext</Filter>
    </ClInclude>
    <ClInclude Include="include\glm\ext\vector_bool4_precision.hpp">
      <Filter>include\lib\glm\ext</Filter>
    </ClInclude>
    <ClInclude Include="include\glm\ext\vector_common.hpp">
      <Filter>include\lib\glm\ext</Filter>
    </ClInclude>
    <ClInclude Include="include\glm\ext\vector_double1.hpp">
      <Filter>include\lib\glm\ext</Filter>
    </ClInclude>
    <ClInclude Include="include\glm\ext\vector_double1_precision.hpp">
      <Filter>include\lib\glm\ext</Filter>
    </ClInclude>
    <ClInclude Include="include\glm\ext\vector_double2.hpp">
      <Filter>include\lib\glm\ext</Filter>
    </ClInclude>
    <ClInclude Include="include\glm\ext\vector_double2_precision.hpp">
      <Filter>include\lib\glm\ext</Filter>
    </ClInclude>
    <ClInclude Include="include\glm\ext\vector_double3.hpp">
      <Filter>include\lib\glm\ext</Filter>
    </ClInclude>
    <ClInclude Include="include\glm\ext\vector_double3_precision.hpp">
      <Filter>include\lib\glm\ext</Filter>
    </ClInclude>
    <ClInclude Include="include\glm\ext\vector_double4.hpp">
      <Filter>include\lib\glm\ext</Filter>
    </ClInclude>
    <ClInclude Include="include\glm\ext\vector_double4_precision.hpp">
      <Filter>include\lib\glm\ext</Filter>
    </ClInclude>
    <ClInclude Include="include\glm\ext\vector_float1.hpp">
      <Filter>include\lib\glm\ext</Filter>
    </ClInclude>
    <ClInclude Include="include\glm\ext\vector_float1_precision.hpp">
      <Filter>include\lib\glm\ext</Filter>
    </ClInclude>
    <ClInclude Include="include\glm\ext\vector_float2.hpp">
      <Filter>include\lib\glm\ext</Filter>
    </ClInclude>
    <ClInclude Include="include\glm\ext\vector_float2_precision.hpp">
      <Filter>include\lib\glm\ext</Filter>
    </ClInclude>
    <ClInclude Include="include\glm\ext\vector_float3.hpp">
      <Filter>include\lib\glm\ext</Filter>
    </ClInclude>
    <ClInclude Include="include\glm\ext\vector_float3_precision.hpp">
      <Filter>include\lib\glm\ext</Filter>
    </ClInclude>
    <ClInclude Include="include\glm\ext\vector_float4.hpp">
      <Filter>include\lib\glm\ext</Filter>
    </ClInclude>
    <ClInclude Include="include\glm\ext\vector_float4_precision.hpp">
      <Filter>include\lib\glm\ext</Filter>
    </ClInclude>
    <ClInclude Include="include\glm\ext\vector_int1.hpp">
      <Filter>include\lib\glm\ext</Filter>
    </ClInclude>
    <ClInclude Include="include\glm\ext\vector_int1_precision.hpp">
      <Filter>include\lib\glm\ext</Filter>
    </ClInclude>
    <ClInclude Include="include\glm\ext\vector_int2.hpp">
      <Filter>include\lib\glm\ext</Filter>
    </ClInclude>
    <ClInclude Include="include\glm\ext\vector_int2_precision.hpp">
      <Filter>include\lib\glm\ext</Filter>
    </ClInclude>
    <ClInclude Include="include\glm\ext\vector_int3.hpp">
      <Filter>include\lib\glm\ext</Filter>
    </ClInclude>
    <ClInclude Include="include\glm\ext\vector_int3_precision.hpp">
      <Filter>include\lib\glm\ext</Filter>
    </ClInclude>
    <ClInclude Include="include\glm\ext\vector_int4.hpp">
      <Filter>include\lib\glm\ext</Filter>
    </ClInclude>
    <ClInclude Include="include\glm\ext\vector_int4_precision.hpp">
      <Filter>include\lib\glm\ext</Filter>
    </ClInclude>
    <ClInclude Include="include\glm\ext\vector_relational.hpp">
      <Filter>include\lib\glm\ext</Filter>
    </ClInclude>
    <ClInclude Include="include\glm\ext\vector_uint1.hpp">
      <Filter>include\lib\glm\ext</Filter>
    </ClInclude>
    <ClInclude Include="include\glm\ext\vector_uint1_precision.hpp">
      <Filter>include\lib\glm\ext</Filter>
    </ClInclude>
    <ClInclude Include="include\glm\ext\vector_uint2.hpp">
      <Filter>include\lib\glm\ext</Filter>
    </ClInclude>
    <ClInclude Include="include\glm\ext\vector_uint2_precision.hpp">
      <Filter>include\lib\glm\ext</Filter>
    </ClInclude>
    <ClInclude Include="include\glm\ext\vector_uint3.hpp">
      <Filter>include\lib\glm\ext</Filter>
    </ClInclude>
    <ClInclude Include="include\glm\ext\vector_uint3_precision.hpp">
      <Filter>include\lib\glm\ext</Filter>
    </ClInclude>
    <ClInclude Include="include\glm\ext\vector_uint4.hpp">
      <Filter>include\lib\glm\ext</Filter>
    </ClInclude>
    <ClInclude Include="include\glm\ext\vector_uint4_precision.hpp">
      <Filter>include\lib\glm\ext</Filter>
    </ClInclude>
    <ClInclude Include="include\glm\ext\vector_ulp.hpp">
      <Filter>include\lib\glm\ext</Filter>
    </ClInclude>
    <ClInclude Include="include\glm\gtc\matrix_access.hpp">
      <Filter>include\lib\glm\gtc</Filter>
    </ClInclude>
    <ClInclude Include="include\glm\gtc\matrix_integer.hpp">
      <Filter>include\lib\glm\gtc</Filter>
    </ClInclude>
    <ClInclude Include="include\glm\gtc\matrix_inverse.hpp">
      <Filter>include\lib\glm\gtc</Filter>
    </ClInclude>
    <ClInclude Include="include\glm\gtc\matrix_transform.hpp">
      <Filter>include\lib\glm\gtc</Filter>
    </ClInclude>
    <ClInclude Include="include\glm\gtc\noise.hpp">
      <Filter>include\lib\glm\gtc</Filter>
    </ClInclude>
    <ClInclude Include="include\glm\gtc\packing.hpp">
      <Filter>include\lib\glm\gtc</Filter>
    </ClInclude>
    <ClInclude Include="include\glm\gtc\quaternion.hpp">
      <Filter>include\lib\glm\gtc</Filter>
    </ClInclude>
    <ClInclude Include="include\glm\gtc\random.hpp">
      <Filter>include\lib\glm\gtc</Filter>
    </ClInclude>
    <ClInclude Include="include\glm\gtc\reciprocal.hpp">
      <Filter>include\lib\glm\gtc</Filter>
    </ClInclude>
    <ClInclude Include="include\glm\gtc\round.hpp">
      <Filter>include\lib\glm\gtc</Filter>
    </ClInclude>
    <ClInclude Include="include\glm\gtc\type_aligned.hpp">
      <Filter>include\lib\glm\gtc</Filter>
    </ClInclude>
    <ClInclude Include="include\glm\gtc\type_precision.hpp">
      <Filter>include\lib\glm\gtc</Filter>
    </ClInclude>
    <ClInclude Include="include\glm\gtc\type_ptr.hpp">
      <Filter>include\lib\glm\gtc</Filter>
    </ClInclude>
    <ClInclude Include="include\glm\gtc\ulp.hpp">
      <Filter>include\lib\glm\gtc</Filter>
    </ClInclude>
    <ClInclude Include="include\glm\gtc\vec1.hpp">
      <Filter>include\lib\glm\gtc</Filter>
    </ClInclude>
    <ClInclude Include="include\glm\gtc\integer.hpp">
      <Filter>include\lib\glm\gtc</Filter>
    </ClInclude>
    <ClInclude Include="include\glm\gtc\epsilon.hpp">
      <Filter>include\lib\glm\gtc</Filter>
    </ClInclude>
    <ClInclude Include="include\glm\gtc\constants.hpp">
      <Filter>include\lib\glm\gtc</Filter>
    </ClInclude>
    <ClInclude Include="include\glm\gtc\color_space.hpp">
      <Filter>include\lib\glm\gtc</Filter>
    </ClInclude>
    <ClInclude Include="include\glm\gtc\bitfield.hpp">
      <Filter>include\lib\glm\gtc</Filter>
    </ClInclude>
    <ClInclude Include="include\glm\gtx\associated_min_max.hpp">
      <Filter>include\lib\glm\gtx</Filter>
    </ClInclude>
    <ClInclude Include="include\glm\gtx\bit.hpp">
      <Filter>include\lib\glm\gtx</Filter>
    </ClInclude>
    <ClInclude Include="include\glm\gtx\closest_point.hpp">
      <Filter>include\lib\glm\gtx</Filter>
    </ClInclude>
    <ClInclude Include="include\glm\gtx\color_encoding.hpp">
      <Filter>include\lib\glm\gtx</Filter>
    </ClInclude>
    <ClInclude Include="include\glm\gtx\color_space.hpp">
      <Filter>include\lib\glm\gtx</Filter>
    </ClInclude>
    <ClInclude Include="include\glm\gtx\color_space_YCoCg.hpp">
      <Filter>include\lib\glm\gtx</Filter>
    </ClInclude>
    <ClInclude Include="include\glm\gtx\common.hpp">
      <Filter>include\lib\glm\gtx</Filter>
    </ClInclude>
    <ClInclude Include="include\glm\gtx\compatibility.hpp">
      <Filter>include\lib\glm\gtx</Filter>
    </ClInclude>
    <ClInclude Include="include\glm\gtx\component_wise.hpp">
      <Filter>include\lib\glm\gtx</Filter>
    </ClInclude>
    <ClInclude Include="include\glm\gtx\dual_quaternion.hpp">
      <Filter>include\lib\glm\gtx</Filter>
    </ClInclude>
    <ClInclude Include="include\glm\gtx\easing.hpp">
      <Filter>include\lib\glm\gtx</Filter>
    </ClInclude>
    <ClInclude Include="include\glm\gtx\euler_angles.hpp">
      <Filter>include\lib\glm\gtx</Filter>
    </ClInclude>
    <ClInclude Include="include\glm\gtx\extend.hpp">
      <Filter>include\lib\glm\gtx</Filter>
    </ClInclude>
    <ClInclude Include="include\glm\gtx\extended_min_max.hpp">
      <Filter>include\lib\glm\gtx</Filter>
    </ClInclude>
    <ClInclude Include="include\glm\gtx\exterior_product.hpp">
      <Filter>include\lib\glm\gtx</Filter>
    </ClInclude>
    <ClInclude Include="include\glm\gtx\fast_exponential.hpp">
      <Filter>include\lib\glm\gtx</Filter>
    </ClInclude>
    <ClInclude Include="include\glm\gtx\fast_square_root.hpp">
      <Filter>include\lib\glm\gtx</Filter>
    </ClInclude>
    <ClInclude Include="include\glm\gtx\fast_trigonometry.hpp">
      <Filter>include\lib\glm\gtx</Filter>
    </ClInclude>
    <ClInclude Include="include\glm\gtx\functions.hpp">
      <Filter>include\lib\glm\gtx</Filter>
    </ClInclude>
    <ClInclude Include="include\glm\gtx\gradient_paint.hpp">
      <Filter>include\lib\glm\gtx</Filter>
    </ClInclude>
    <ClInclude Include="include\glm\gtx\handed_coordinate_space.hpp">
      <Filter>include\lib\glm\gtx</Filter>
    </ClInclude>
    <ClInclude Include="include\glm\gtx\hash.hpp">
      <Filter>include\lib\glm\gtx</Filter>
    </ClInclude>
    <ClInclude Include="include\glm\gtx\integer.hpp">
      <Filter>include\lib\glm\gtx</Filter>
    </ClInclude>
    <ClInclude Include="include\glm\gtx\intersect.hpp">
      <Filter>include\lib\glm\gtx</Filter>
    </ClInclude>
    <ClInclude Include="include\glm\gtx\io.hpp">
      <Filter>include\lib\glm\gtx</Filter>
    </ClInclude>
    <ClInclude Include="include\glm\gtx\log_base.hpp">
      <Filter>include\lib\glm\gtx</Filter>
    </ClInclude>
    <ClInclude Include="include\glm\gtx\matrix_cross_product.hpp">
      <Filter>include\lib\glm\gtx</Filter>
    </ClInclude>
    <ClInclude Include="include\glm\gtx\matrix_decompose.hpp">
      <Filter>include\lib\glm\gtx</Filter>
    </ClInclude>
    <ClInclude Include="include\glm\gtx\matrix_factorisation.hpp">
      <Filter>include\lib\glm\gtx</Filter>
    </ClInclude>
    <ClInclude Include="include\glm\gtx\matrix_interpolation.hpp">
      <Filter>include\lib\glm\gtx</Filter>
    </ClInclude>
    <ClInclude Include="include\glm\gtx\matrix_major_storage.hpp">
      <Filter>include\lib\glm\gtx</Filter>
    </ClInclude>
    <ClInclude Include="include\glm\gtx\matrix_operation.hpp">
      <Filter>include\lib\glm\gtx</Filter>
    </ClInclude>
    <ClInclude Include="include\glm\gtx\matrix_query.hpp">
      <Filter>include\lib\glm\gtx</Filter>
    </ClInclude>
    <ClInclude Include="include\glm\gtx\matrix_transform_2d.hpp">
      <Filter>include\lib\glm\gtx</Filter>
    </ClInclude>
    <ClInclude Include="include\glm\gtx\mixed_product.hpp">
      <Filter>include\lib\glm\gtx</Filter>
    </ClInclude>
    <ClInclude Include="include\glm\gtx\norm.hpp">
      <Filter>include\lib\glm\gtx</Filter>
    </ClInclude>
    <ClInclude Include="include\glm\gtx\normal.hpp">
      <Filter>include\lib\glm\gtx</Filter>
    </ClInclude>
    <ClInclude Include="include\glm\gtx\normalize_dot.hpp">
      <Filter>include\lib\glm\gtx</Filter>
    </ClInclude>
    <ClInclude Include="include\glm\gtx\number_precision.hpp">
      <Filter>include\lib\glm\gtx</Filter>
    </ClInclude>
    <ClInclude Include="include\glm\gtx\optimum_pow.hpp">
      <Filter>include\lib\glm\gtx</Filter>
    </ClInclude>
    <ClInclude Include="include\glm\gtx\orthonormalize.hpp">
      <Filter>include\lib\glm\gtx</Filter>
    </ClInclude>
    <ClInclude Include="include\glm\gtx\perpendicular.hpp">
      <Filter>include\lib\glm\gtx</Filter>
    </ClInclude>
    <ClInclude Include="include\glm\gtx\polar_coordinates.hpp">
      <Filter>include\lib\glm\gtx</Filter>
    </ClInclude>
    <ClInclude Include="include\glm\gtx\projection.hpp">
      <Filter>include\lib\glm\gtx</Filter>
    </ClInclude>
    <ClInclude Include="include\glm\gtx\quaternion.hpp">
      <Filter>include\lib\glm\gtx</Filter>
    </ClInclude>
    <ClInclude Include="include\glm\gtx\range.hpp">
      <Filter>include\lib\glm\gtx</Filter>
    </ClInclude>
    <ClInclude Include="include\glm\gtx\raw_data.hpp">
      <Filter>include\lib\glm\gtx</Filter>
    </ClInclude>
    <ClInclude Include="include\glm\gtx\rotate_normalized_axis.hpp">
      <Filter>include\lib\glm\gtx</Filter>
    </ClInclude>
    <ClInclude Include="include\glm\gtx\rotate_vector.hpp">
      <Filter>include\lib\glm\gtx</Filter>
    </ClInclude>
    <ClInclude Include="include\glm\gtx\scalar_multiplication.hpp">
      <Filter>include\lib\glm\gtx</Filter>
    </ClInclude>
    <ClInclude Include="include\glm\gtx\scalar_relational.hpp">
      <Filter>include\lib\glm\gtx</Filter>
    </ClInclude>
    <ClInclude Include="include\glm\gtx\spline.hpp">
      <Filter>include\lib\glm\gtx</Filter>
    </ClInclude>
    <ClInclude Include="include\glm\gtx\std_based_type.hpp">
      <Filter>include\lib\glm\gtx</Filter>
    </ClInclude>
    <ClInclude Include="include\glm\gtx\string_cast.hpp">
      <Filter>include\lib\glm\gtx</Filter>
    </ClInclude>
    <ClInclude Include="include\glm\gtx\texture.hpp">
      <Filter>include\lib\glm\gtx</Filter>
    </ClInclude>
    <ClInclude Include="include\glm\gtx\transform.hpp">
      <Filter>include\lib\glm\gtx</Filter>
    </ClInclude>
    <ClInclude Include="include\glm\gtx\transform2.hpp">
      <Filter>include\lib\glm\gtx</Filter>
    </ClInclude>
    <ClInclude Include="include\glm\gtx\type_aligned.hpp">
      <Filter>include\lib\glm\gtx</Filter>
    </ClInclude>
    <ClInclude Include="include\glm\gtx\type_trait.hpp">
      <Filter>include\lib\glm\gtx</Filter>
    </ClInclude>
    <ClInclude Include="include\glm\gtx\vec_swizzle.hpp">
      <Filter>include\lib\glm\gtx</Filter>
    </ClInclude>
    <ClInclude Include="include\glm\gtx\vector_angle.hpp">
      <Filter>include\lib\glm\gtx</Filter>
    </ClInclude>
    <ClInclude Include="include\glm\gtx\vector_query.hpp">
      <Filter>include\lib\glm\gtx</Filter>
    </ClInclude>
    <ClInclude Include="include\glm\gtx\wrap.hpp">
      <Filter>include\lib\glm\gtx</Filter>
    </ClInclude>
    <ClInclude Include="include\glm\common.hpp">
      <Filter>include\lib\glm</Filter>
    </ClInclude>
    <ClInclude Include="include\glm\exponential.hpp">
      <Filter>include\lib\glm</Filter>
    </ClInclude>
    <ClInclude Include="include\glm\ext.hpp">
      <Filter>include\lib\glm</Filter>
    </ClInclude>
    <ClInclude Include="include\glm\fwd.hpp">
      <Filter>include\lib\glm</Filter>
    </ClInclude>
    <ClInclude Include="include\glm\geometric.hpp">
      <Filter>include\lib\glm</Filter>
    </ClInclude>
    <ClInclude Include="include\glm\glm.hpp">
      <Filter>include\lib\glm</Filter>
    </ClInclude>
    <ClInclude Include="include\glm\integer.hpp">
      <Filter>include\lib\glm</Filter>
    </ClInclude>
    <ClInclude Include="include\glm\mat2x2.hpp">
      <Filter>include\lib\glm</Filter>
    </ClInclude>
    <ClInclude Include="include\glm\mat2x3.hpp">
      <Filter>include\lib\glm</Filter>
    </ClInclude>
    <ClInclude Include="include\glm\mat2x4.hpp">
      <Filter>include\lib\glm</Filter>
    </ClInclude>
    <ClInclude Include="include\glm\mat3x2.hpp">
      <Filter>include\lib\glm</Filter>
    </ClInclude>
    <ClInclude Include="include\glm\mat3x3.hpp">
      <Filter>include\lib\glm</Filter>
    </ClInclude>
    <ClInclude Include="include\glm\mat3x4.hpp">
      <Filter>include\lib\glm</Filter>
    </ClInclude>
    <ClInclude Include="include\glm\mat4x2.hpp">
      <Filter>include\lib\glm</Filter>
    </ClInclude>
    <ClInclude Include="include\glm\mat4x3.hpp">
      <Filter>include\lib\glm</Filter>
    </ClInclude>
    <ClInclude Include="include\glm\mat4x4.hpp">
      <Filter>include\lib\glm</Filter>
    </ClInclude>
    <ClInclude Include="include\glm\matrix.hpp">
      <Filter>include\lib\glm</Filter>
    </ClInclude>
    <ClInclude Include="include\glm\packing.hpp">
      <Filter>include\lib\glm</Filter>
    </ClInclude>
    <ClInclude Include="include\glm\trigonometric.hpp">
      <Filter>include\lib\glm</Filter>
    </ClInclude>
    <ClInclude Include="include\glm\vec2.hpp">
      <Filter>include\lib\glm</Filter>
    </ClInclude>
    <ClInclude Include="include\glm\vec3.hpp">
      <Filter>include\lib\glm</Filter>
    </ClInclude>
    <ClInclude Include="include\glm\vec4.hpp">
      <Filter>include\lib\glm</Filter>
    </ClInclude>
    <ClInclude Include="include\glm\vector_relational.hpp">
      <Filter>include\lib\glm</Filter>
    </ClInclude>
    <ClInclude Include="include\engine\Transform.h">
      <Filter>include\engine</Filter>
    </ClInclude>
    <ClInclude Include="include\engine\TRS.h">
      <Filter>include\engine</Filter>
    </ClInclude>
    <ClInclude Include="include\engine\Engine.h">
      <Filter>include\engine</Filter>
    </ClInclude>
    <ClInclude Include="include\engine\MeshRender.h">
      <Filter>include\engine</Filter>
    </ClInclude>
    <ClInclude Include="include\engine\Camera.h">
      <Filter>include\engine</Filter>
    </ClInclude>
    <ClInclude Include="include\engine\GInput.h">
      <Filter>include\engine</Filter>
    </ClInclude>
    <ClInclude Include="include\engine\Light.h">
      <Filter>include</Filter>
    </ClInclude>
    <ClInclude Include="include\assimp\Compiler\poppack1.h">
      <Filter>include\assimp\Compiler</Filter>
    </ClInclude>
    <ClInclude Include="include\assimp\Compiler\pstdint.h">
      <Filter>include\assimp\Compiler</Filter>
    </ClInclude>
    <ClInclude Include="include\assimp\Compiler\pushpack1.h">
      <Filter>include\assimp\Compiler</Filter>
    </ClInclude>
    <ClInclude Include="include\assimp\port\AndroidJNI\AndroidJNIIOSystem.h">
      <Filter>include\assimp\port\AndroidJNI</Filter>
    </ClInclude>
    <ClInclude Include="include\assimp\ai_assert.h">
      <Filter>include\assimp</Filter>
    </ClInclude>
    <ClInclude Include="include\assimp\anim.h">
      <Filter>include\assimp</Filter>
    </ClInclude>
    <ClInclude Include="include\assimp\camera.h">
      <Filter>include\assimp</Filter>
    </ClInclude>
    <ClInclude Include="include\assimp\cexport.h">
      <Filter>include\assimp</Filter>
    </ClInclude>
    <ClInclude Include="include\assimp\cfileio.h">
      <Filter>include\assimp</Filter>
    </ClInclude>
    <ClInclude Include="include\assimp\cimport.h">
      <Filter>include\assimp</Filter>
    </ClInclude>
    <ClInclude Include="include\assimp\color4.h">
      <Filter>include\assimp</Filter>
    </ClInclude>
    <ClInclude Include="include\assimp\config.h">
      <Filter>include\assimp</Filter>
    </ClInclude>
    <ClInclude Include="include\assimp\DefaultLogger.hpp">
      <Filter>include\assimp</Filter>
    </ClInclude>
    <ClInclude Include="include\assimp\defs.h">
      <Filter>include\assimp</Filter>
    </ClInclude>
    <ClInclude Include="include\assimp\Exporter.hpp">
      <Filter>include\assimp</Filter>
    </ClInclude>
    <ClInclude Include="include\assimp\Importer.hpp">
      <Filter>include\assimp</Filter>
    </ClInclude>
    <ClInclude Include="include\assimp\importerdesc.h">
      <Filter>include\assimp</Filter>
    </ClInclude>
    <ClInclude Include="include\assimp\IOStream.hpp">
      <Filter>include\assimp</Filter>
    </ClInclude>
    <ClInclude Include="include\assimp\IOSystem.hpp">
      <Filter>include\assimp</Filter>
    </ClInclude>
    <ClInclude Include="include\assimp\light.h">
      <Filter>include\assimp</Filter>
    </ClInclude>
    <ClInclude Include="include\assimp\Logger.hpp">
      <Filter>include\assimp</Filter>
    </ClInclude>
    <ClInclude Include="include\assimp\LogStream.hpp">
      <Filter>include\assimp</Filter>
    </ClInclude>
    <ClInclude Include="include\assimp\material.h">
      <Filter>include\assimp</Filter>
    </ClInclude>
    <ClInclude Include="include\assimp\matrix3x3.h">
      <Filter>include\assimp</Filter>
    </ClInclude>
    <ClInclude Include="include\assimp\matrix4x4.h">
      <Filter>include\assimp</Filter>
    </ClInclude>
    <ClInclude Include="include\assimp\mesh.h">
      <Filter>include\assimp</Filter>
    </ClInclude>
    <ClInclude Include="include\assimp\metadata.h">
      <Filter>include\assimp</Filter>
    </ClInclude>
    <ClInclude Include="include\assimp\NullLogger.hpp">
      <Filter>include\assimp</Filter>
    </ClInclude>
    <ClInclude Include="include\assimp\postprocess.h">
      <Filter>include\assimp</Filter>
    </ClInclude>
    <ClInclude Include="include\assimp\ProgressHandler.hpp">
      <Filter>include\assimp</Filter>
    </ClInclude>
    <ClInclude Include="include\assimp\quaternion.h">
      <Filter>include\assimp</Filter>
    </ClInclude>
    <ClInclude Include="include\assimp\scene.h">
      <Filter>include\assimp</Filter>
    </ClInclude>
    <ClInclude Include="include\assimp\texture.h">
      <Filter>include\assimp</Filter>
    </ClInclude>
    <ClInclude Include="include\assimp\types.h">
      <Filter>include\assimp</Filter>
    </ClInclude>
    <ClInclude Include="include\assimp\vector2.h">
      <Filter>include\assimp</Filter>
    </ClInclude>
    <ClInclude Include="include\assimp\vector3.h">
      <Filter>include\assimp</Filter>
    </ClInclude>
    <ClInclude Include="include\assimp\version.h">
      <Filter>include\assimp</Filter>
    </ClInclude>
    <ClInclude Include="include\engine\Vertex.h">
      <Filter>include\engine</Filter>
    </ClInclude>
    <ClInclude Include="include\engine\Texture.h">
      <Filter>include\engine</Filter>
    </ClInclude>
    <ClInclude Include="include\engine\Mesh.h">
      <Filter>include\engine</Filter>
    </ClInclude>
    <ClInclude Include="include\engine\Model.h">
      <Filter>include\engine</Filter>
    </ClInclude>
    <ClInclude Include="include\Global.h">
      <Filter>include</Filter>
    </ClInclude>
  </ItemGroup>
  <ItemGroup>
    <Filter Include="include">
      <UniqueIdentifier>{0c3c1e58-d33e-4f29-a1d2-5fe503442f37}</UniqueIdentifier>
    </Filter>
    <Filter Include="src">
      <UniqueIdentifier>{ae2f3adc-c7a0-4dc6-82a0-0014c1726dee}</UniqueIdentifier>
    </Filter>
    <Filter Include="shader">
      <UniqueIdentifier>{caa9e57c-4f36-40aa-a613-1cf6d56db369}</UniqueIdentifier>
    </Filter>
    <Filter Include="src\util">
      <UniqueIdentifier>{596a6ca8-91d3-41c0-9744-aef207d2e493}</UniqueIdentifier>
    </Filter>
    <Filter Include="include\util">
      <UniqueIdentifier>{19d70757-53c9-44e6-8f17-ba27275a2031}</UniqueIdentifier>
    </Filter>
    <Filter Include="src\render">
      <UniqueIdentifier>{93776597-d88f-415f-b86b-02eb579017f4}</UniqueIdentifier>
    </Filter>
    <Filter Include="include\render">
      <UniqueIdentifier>{3353e4e4-5621-4af3-a80a-53e2f2e277e3}</UniqueIdentifier>
    </Filter>
    <Filter Include="include\lib">
      <UniqueIdentifier>{2a7e811c-ba07-4de4-af40-9ebe92c1875d}</UniqueIdentifier>
    </Filter>
    <Filter Include="src\lib">
      <UniqueIdentifier>{7724f8e9-9851-4a65-8700-794ba5c77d24}</UniqueIdentifier>
    </Filter>
    <Filter Include="assets">
      <UniqueIdentifier>{e352b639-6042-4f02-97e4-b7612484eb4f}</UniqueIdentifier>
    </Filter>
    <Filter Include="src\engine">
      <UniqueIdentifier>{b2045999-e53c-4564-8cd1-22a52fd49b12}</UniqueIdentifier>
    </Filter>
    <Filter Include="include\engine">
      <UniqueIdentifier>{885ea824-4f7d-4cbe-9143-b21c0d1f512b}</UniqueIdentifier>
    </Filter>
    <Filter Include="include\lib\glm">
      <UniqueIdentifier>{a18e8e60-36f5-4e4b-ab39-47d37d8bc63b}</UniqueIdentifier>
    </Filter>
    <Filter Include="include\lib\glm\simd">
      <UniqueIdentifier>{0fba841b-5b6c-4a47-8a29-c3a99d989e6f}</UniqueIdentifier>
    </Filter>
    <Filter Include="include\lib\glm\detail">
      <UniqueIdentifier>{9ff822ca-136a-4ad5-859a-f5fdc438c696}</UniqueIdentifier>
    </Filter>
    <Filter Include="include\lib\glm\ext">
      <UniqueIdentifier>{35b3f3b4-ded8-42d8-ba76-7c89fbaee67e}</UniqueIdentifier>
    </Filter>
    <Filter Include="include\lib\glm\gtc">
      <UniqueIdentifier>{21b5af21-b7d5-4f0e-9df1-268461d02d42}</UniqueIdentifier>
    </Filter>
    <Filter Include="include\lib\glm\gtx">
      <UniqueIdentifier>{17c2fba6-44c5-4a62-a847-a5505d813c1a}</UniqueIdentifier>
    </Filter>
    <Filter Include="include\assimp">
      <UniqueIdentifier>{1006723c-ab2a-44a6-9d50-d0106d0637c7}</UniqueIdentifier>
    </Filter>
    <Filter Include="include\assimp\Compiler">
      <UniqueIdentifier>{be29ee62-051d-46a2-8520-85179c8b5b46}</UniqueIdentifier>
    </Filter>
    <Filter Include="include\assimp\port">
      <UniqueIdentifier>{d9a4b920-5439-49a1-a117-55e7095e91c5}</UniqueIdentifier>
    </Filter>
    <Filter Include="include\assimp\port\AndroidJNI">
      <UniqueIdentifier>{d6ef12a5-f3de-4dc4-9e7e-8974c6d18394}</UniqueIdentifier>
    </Filter>
  </ItemGroup>
  <ItemGroup>
    <ClCompile Include="main.cpp" />
    <ClCompile Include="src\Game.cpp">
      <Filter>src</Filter>
    </ClCompile>
    <ClCompile Include="src\MeshRender.cpp">
      <Filter>src</Filter>
    </ClCompile>
    <ClCompile Include="src\util\fileUtil.cpp">
      <Filter>src\util</Filter>
    </ClCompile>
    <ClCompile Include="src\render\Shader.cpp">
      <Filter>src\render</Filter>
    </ClCompile>
    <ClCompile Include="src\glad.c">
      <Filter>src\lib</Filter>
    </ClCompile>
    <ClCompile Include="include\stb_image.cpp">
      <Filter>src\lib</Filter>
    </ClCompile>
    <ClCompile Include="src\engine\Resources.cpp">
      <Filter>src\engine</Filter>
    </ClCompile>
    <ClCompile Include="src\engine\Component.cpp">
      <Filter>src\engine</Filter>
    </ClCompile>
    <ClCompile Include="src\engine\Texture2D.cpp">
      <Filter>src\engine</Filter>
    </ClCompile>
    <ClCompile Include="src\engine\ResourceObject.cpp">
      <Filter>src\engine</Filter>
    </ClCompile>
    <ClCompile Include="include\glm\detail\glm.cpp">
      <Filter>include\lib\glm\detail</Filter>
    </ClCompile>
    <ClCompile Include="src\engine\Transform.cpp">
      <Filter>src\engine</Filter>
    </ClCompile>
    <ClCompile Include="src\engine\Camera.cpp">
      <Filter>src\engine</Filter>
    </ClCompile>
    <ClCompile Include="src\engine\GInput.cpp">
      <Filter>src\engine</Filter>
    </ClCompile>
    <ClCompile Include="src\engine\Light.cpp">
      <Filter>src</Filter>
    </ClCompile>
    <ClCompile Include="src\engine\Model.cpp">
      <Filter>src\engine</Filter>
    </ClCompile>
    <ClCompile Include="src\engine\Mesh.cpp">
      <Filter>src\engine</Filter>
    </ClCompile>
  </ItemGroup>
  <ItemGroup>
    <None Include="shader\vertex.vert">
      <Filter>shader</Filter>
    </None>
    <None Include="shader\frag.frag">
      <Filter>shader</Filter>
    </None>
    <None Include="include\glm\detail\func_common.inl">
      <Filter>include\lib\glm\detail</Filter>
    </None>
    <None Include="include\glm\detail\func_common_simd.inl">
      <Filter>include\lib\glm\detail</Filter>
    </None>
    <None Include="include\glm\detail\func_exponential.inl">
      <Filter>include\lib\glm\detail</Filter>
    </None>
    <None Include="include\glm\detail\func_exponential_simd.inl">
      <Filter>include\lib\glm\detail</Filter>
    </None>
    <None Include="include\glm\detail\func_geometric.inl">
      <Filter>include\lib\glm\detail</Filter>
    </None>
    <None Include="include\glm\detail\func_geometric_simd.inl">
      <Filter>include\lib\glm\detail</Filter>
    </None>
    <None Include="include\glm\detail\func_integer.inl">
      <Filter>include\lib\glm\detail</Filter>
    </None>
    <None Include="include\glm\detail\func_integer_simd.inl">
      <Filter>include\lib\glm\detail</Filter>
    </None>
    <None Include="include\glm\detail\func_matrix.inl">
      <Filter>include\lib\glm\detail</Filter>
    </None>
    <None Include="include\glm\detail\func_matrix_simd.inl">
      <Filter>include\lib\glm\detail</Filter>
    </None>
    <None Include="include\glm\detail\func_packing.inl">
      <Filter>include\lib\glm\detail</Filter>
    </None>
    <None Include="include\glm\detail\func_packing_simd.inl">
      <Filter>include\lib\glm\detail</Filter>
    </None>
    <None Include="include\glm\detail\func_trigonometric.inl">
      <Filter>include\lib\glm\detail</Filter>
    </None>
    <None Include="include\glm\detail\func_trigonometric_simd.inl">
      <Filter>include\lib\glm\detail</Filter>
    </None>
    <None Include="include\glm\detail\func_vector_relational.inl">
      <Filter>include\lib\glm\detail</Filter>
    </None>
    <None Include="include\glm\detail\func_vector_relational_simd.inl">
      <Filter>include\lib\glm\detail</Filter>
    </None>
    <None Include="include\glm\detail\type_half.inl">
      <Filter>include\lib\glm\detail</Filter>
    </None>
    <None Include="include\glm\detail\type_mat2x2.inl">
      <Filter>include\lib\glm\detail</Filter>
    </None>
    <None Include="include\glm\detail\type_mat2x3.inl">
      <Filter>include\lib\glm\detail</Filter>
    </None>
    <None Include="include\glm\detail\type_mat2x4.inl">
      <Filter>include\lib\glm\detail</Filter>
    </None>
    <None Include="include\glm\detail\type_mat3x2.inl">
      <Filter>include\lib\glm\detail</Filter>
    </None>
    <None Include="include\glm\detail\type_mat3x3.inl">
      <Filter>include\lib\glm\detail</Filter>
    </None>
    <None Include="include\glm\detail\type_mat3x4.inl">
      <Filter>include\lib\glm\detail</Filter>
    </None>
    <None Include="include\glm\detail\type_mat4x2.inl">
      <Filter>include\lib\glm\detail</Filter>
    </None>
    <None Include="include\glm\detail\type_mat4x3.inl">
      <Filter>include\lib\glm\detail</Filter>
    </None>
    <None Include="include\glm\detail\type_mat4x4.inl">
      <Filter>include\lib\glm\detail</Filter>
    </None>
    <None Include="include\glm\detail\type_mat4x4_simd.inl">
      <Filter>include\lib\glm\detail</Filter>
    </None>
    <None Include="include\glm\detail\type_quat.inl">
      <Filter>include\lib\glm\detail</Filter>
    </None>
    <None Include="include\glm\detail\type_quat_simd.inl">
      <Filter>include\lib\glm\detail</Filter>
    </None>
    <None Include="include\glm\detail\type_vec1.inl">
      <Filter>include\lib\glm\detail</Filter>
    </None>
    <None Include="include\glm\detail\type_vec2.inl">
      <Filter>include\lib\glm\detail</Filter>
    </None>
    <None Include="include\glm\detail\type_vec3.inl">
      <Filter>include\lib\glm\detail</Filter>
    </None>
    <None Include="include\glm\detail\type_vec4.inl">
      <Filter>include\lib\glm\detail</Filter>
    </None>
    <None Include="include\glm\detail\type_vec4_simd.inl">
      <Filter>include\lib\glm\detail</Filter>
    </None>
    <None Include="include\glm\ext\matrix_clip_space.inl">
      <Filter>include\lib\glm\ext</Filter>
    </None>
    <None Include="include\glm\ext\matrix_common.inl">
      <Filter>include\lib\glm\ext</Filter>
    </None>
    <None Include="include\glm\ext\matrix_projection.inl">
      <Filter>include\lib\glm\ext</Filter>
    </None>
    <None Include="include\glm\ext\matrix_relational.inl">
      <Filter>include\lib\glm\ext</Filter>
    </None>
    <None Include="include\glm\ext\matrix_transform.inl">
      <Filter>include\lib\glm\ext</Filter>
    </None>
    <None Include="include\glm\ext\quaternion_common.inl">
      <Filter>include\lib\glm\ext</Filter>
    </None>
    <None Include="include\glm\ext\quaternion_common_simd.inl">
      <Filter>include\lib\glm\ext</Filter>
    </None>
    <None Include="include\glm\ext\quaternion_exponential.inl">
      <Filter>include\lib\glm\ext</Filter>
    </None>
    <None Include="include\glm\ext\quaternion_geometric.inl">
      <Filter>include\lib\glm\ext</Filter>
    </None>
    <None Include="include\glm\ext\quaternion_relational.inl">
      <Filter>include\lib\glm\ext</Filter>
    </None>
    <None Include="include\glm\ext\quaternion_transform.inl">
      <Filter>include\lib\glm\ext</Filter>
    </None>
    <None Include="include\glm\ext\quaternion_trigonometric.inl">
      <Filter>include\lib\glm\ext</Filter>
    </None>
    <None Include="include\glm\ext\scalar_common.inl">
      <Filter>include\lib\glm\ext</Filter>
    </None>
    <None Include="include\glm\ext\scalar_constants.inl">
      <Filter>include\lib\glm\ext</Filter>
    </None>
    <None Include="include\glm\ext\scalar_relational.inl">
      <Filter>include\lib\glm\ext</Filter>
    </None>
    <None Include="include\glm\ext\scalar_ulp.inl">
      <Filter>include\lib\glm\ext</Filter>
    </None>
    <None Include="include\glm\ext\vector_common.inl">
      <Filter>include\lib\glm\ext</Filter>
    </None>
    <None Include="include\glm\ext\vector_relational.inl">
      <Filter>include\lib\glm\ext</Filter>
    </None>
    <None Include="include\glm\ext\vector_ulp.inl">
      <Filter>include\lib\glm\ext</Filter>
    </None>
    <None Include="include\glm\gtc\matrix_access.inl">
      <Filter>include\lib\glm\gtc</Filter>
    </None>
    <None Include="include\glm\gtc\matrix_inverse.inl">
      <Filter>include\lib\glm\gtc</Filter>
    </None>
    <None Include="include\glm\gtc\matrix_transform.inl">
      <Filter>include\lib\glm\gtc</Filter>
    </None>
    <None Include="include\glm\gtc\noise.inl">
      <Filter>include\lib\glm\gtc</Filter>
    </None>
    <None Include="include\glm\gtc\packing.inl">
      <Filter>include\lib\glm\gtc</Filter>
    </None>
    <None Include="include\glm\gtc\quaternion.inl">
      <Filter>include\lib\glm\gtc</Filter>
    </None>
    <None Include="include\glm\gtc\quaternion_simd.inl">
      <Filter>include\lib\glm\gtc</Filter>
    </None>
    <None Include="include\glm\gtc\random.inl">
      <Filter>include\lib\glm\gtc</Filter>
    </None>
    <None Include="include\glm\gtc\reciprocal.inl">
      <Filter>include\lib\glm\gtc</Filter>
    </None>
    <None Include="include\glm\gtc\round.inl">
      <Filter>include\lib\glm\gtc</Filter>
    </None>
    <None Include="include\glm\gtc\type_precision.inl">
      <Filter>include\lib\glm\gtc</Filter>
    </None>
    <None Include="include\glm\gtc\type_ptr.inl">
      <Filter>include\lib\glm\gtc</Filter>
    </None>
    <None Include="include\glm\gtc\ulp.inl">
      <Filter>include\lib\glm\gtc</Filter>
    </None>
    <None Include="include\glm\gtc\integer.inl">
      <Filter>include\lib\glm\gtc</Filter>
    </None>
    <None Include="include\glm\gtc\epsilon.inl">
      <Filter>include\lib\glm\gtc</Filter>
    </None>
    <None Include="include\glm\gtc\constants.inl">
      <Filter>include\lib\glm\gtc</Filter>
    </None>
    <None Include="include\glm\gtc\color_space.inl">
      <Filter>include\lib\glm\gtc</Filter>
    </None>
    <None Include="include\glm\gtc\bitfield.inl">
      <Filter>include\lib\glm\gtc</Filter>
    </None>
    <None Include="include\glm\gtx\associated_min_max.inl">
      <Filter>include\lib\glm\gtx</Filter>
    </None>
    <None Include="include\glm\gtx\bit.inl">
      <Filter>include\lib\glm\gtx</Filter>
    </None>
    <None Include="include\glm\gtx\closest_point.inl">
      <Filter>include\lib\glm\gtx</Filter>
    </None>
    <None Include="include\glm\gtx\color_encoding.inl">
      <Filter>include\lib\glm\gtx</Filter>
    </None>
    <None Include="include\glm\gtx\color_space.inl">
      <Filter>include\lib\glm\gtx</Filter>
    </None>
    <None Include="include\glm\gtx\color_space_YCoCg.inl">
      <Filter>include\lib\glm\gtx</Filter>
    </None>
    <None Include="include\glm\gtx\common.inl">
      <Filter>include\lib\glm\gtx</Filter>
    </None>
    <None Include="include\glm\gtx\compatibility.inl">
      <Filter>include\lib\glm\gtx</Filter>
    </None>
    <None Include="include\glm\gtx\component_wise.inl">
      <Filter>include\lib\glm\gtx</Filter>
    </None>
    <None Include="include\glm\gtx\dual_quaternion.inl">
      <Filter>include\lib\glm\gtx</Filter>
    </None>
    <None Include="include\glm\gtx\easing.inl">
      <Filter>include\lib\glm\gtx</Filter>
    </None>
    <None Include="include\glm\gtx\euler_angles.inl">
      <Filter>include\lib\glm\gtx</Filter>
    </None>
    <None Include="include\glm\gtx\extend.inl">
      <Filter>include\lib\glm\gtx</Filter>
    </None>
    <None Include="include\glm\gtx\extended_min_max.inl">
      <Filter>include\lib\glm\gtx</Filter>
    </None>
    <None Include="include\glm\gtx\exterior_product.inl">
      <Filter>include\lib\glm\gtx</Filter>
    </None>
    <None Include="include\glm\gtx\fast_exponential.inl">
      <Filter>include\lib\glm\gtx</Filter>
    </None>
    <None Include="include\glm\gtx\fast_square_root.inl">
      <Filter>include\lib\glm\gtx</Filter>
    </None>
    <None Include="include\glm\gtx\fast_trigonometry.inl">
      <Filter>include\lib\glm\gtx</Filter>
    </None>
    <None Include="include\glm\gtx\float_notmalize.inl">
      <Filter>include\lib\glm\gtx</Filter>
    </None>
    <None Include="include\glm\gtx\functions.inl">
      <Filter>include\lib\glm\gtx</Filter>
    </None>
    <None Include="include\glm\gtx\gradient_paint.inl">
      <Filter>include\lib\glm\gtx</Filter>
    </None>
    <None Include="include\glm\gtx\handed_coordinate_space.inl">
      <Filter>include\lib\glm\gtx</Filter>
    </None>
    <None Include="include\glm\gtx\hash.inl">
      <Filter>include\lib\glm\gtx</Filter>
    </None>
    <None Include="include\glm\gtx\integer.inl">
      <Filter>include\lib\glm\gtx</Filter>
    </None>
    <None Include="include\glm\gtx\intersect.inl">
      <Filter>include\lib\glm\gtx</Filter>
    </None>
    <None Include="include\glm\gtx\io.inl">
      <Filter>include\lib\glm\gtx</Filter>
    </None>
    <None Include="include\glm\gtx\log_base.inl">
      <Filter>include\lib\glm\gtx</Filter>
    </None>
    <None Include="include\glm\gtx\matrix_cross_product.inl">
      <Filter>include\lib\glm\gtx</Filter>
    </None>
    <None Include="include\glm\gtx\matrix_decompose.inl">
      <Filter>include\lib\glm\gtx</Filter>
    </None>
    <None Include="include\glm\gtx\matrix_factorisation.inl">
      <Filter>include\lib\glm\gtx</Filter>
    </None>
    <None Include="include\glm\gtx\matrix_interpolation.inl">
      <Filter>include\lib\glm\gtx</Filter>
    </None>
    <None Include="include\glm\gtx\matrix_major_storage.inl">
      <Filter>include\lib\glm\gtx</Filter>
    </None>
    <None Include="include\glm\gtx\matrix_operation.inl">
      <Filter>include\lib\glm\gtx</Filter>
    </None>
    <None Include="include\glm\gtx\matrix_query.inl">
      <Filter>include\lib\glm\gtx</Filter>
    </None>
    <None Include="include\glm\gtx\matrix_transform_2d.inl">
      <Filter>include\lib\glm\gtx</Filter>
    </None>
    <None Include="include\glm\gtx\mixed_product.inl">
      <Filter>include\lib\glm\gtx</Filter>
    </None>
    <None Include="include\glm\gtx\norm.inl">
      <Filter>include\lib\glm\gtx</Filter>
    </None>
    <None Include="include\glm\gtx\normal.inl">
      <Filter>include\lib\glm\gtx</Filter>
    </None>
    <None Include="include\glm\gtx\normalize_dot.inl">
      <Filter>include\lib\glm\gtx</Filter>
    </None>
    <None Include="include\glm\gtx\number_precision.inl">
      <Filter>include\lib\glm\gtx</Filter>
    </None>
    <None Include="include\glm\gtx\optimum_pow.inl">
      <Filter>include\lib\glm\gtx</Filter>
    </None>
    <None Include="include\glm\gtx\orthonormalize.inl">
      <Filter>include\lib\glm\gtx</Filter>
    </None>
    <None Include="include\glm\gtx\perpendicular.inl">
      <Filter>include\lib\glm\gtx</Filter>
    </None>
    <None Include="include\glm\gtx\polar_coordinates.inl">
      <Filter>include\lib\glm\gtx</Filter>
    </None>
    <None Include="include\glm\gtx\projection.inl">
      <Filter>include\lib\glm\gtx</Filter>
    </None>
    <None Include="include\glm\gtx\quaternion.inl">
      <Filter>include\lib\glm\gtx</Filter>
    </None>
    <None Include="include\glm\gtx\raw_data.inl">
      <Filter>include\lib\glm\gtx</Filter>
    </None>
    <None Include="include\glm\gtx\rotate_normalized_axis.inl">
      <Filter>include\lib\glm\gtx</Filter>
    </None>
    <None Include="include\glm\gtx\rotate_vector.inl">
      <Filter>include\lib\glm\gtx</Filter>
    </None>
    <None Include="include\glm\gtx\scalar_relational.inl">
      <Filter>include\lib\glm\gtx</Filter>
    </None>
    <None Include="include\glm\gtx\spline.inl">
      <Filter>include\lib\glm\gtx</Filter>
    </None>
    <None Include="include\glm\gtx\std_based_type.inl">
      <Filter>include\lib\glm\gtx</Filter>
    </None>
    <None Include="include\glm\gtx\string_cast.inl">
      <Filter>include\lib\glm\gtx</Filter>
    </None>
    <None Include="include\glm\gtx\texture.inl">
      <Filter>include\lib\glm\gtx</Filter>
    </None>
    <None Include="include\glm\gtx\transform.inl">
      <Filter>include\lib\glm\gtx</Filter>
    </None>
    <None Include="include\glm\gtx\transform2.inl">
      <Filter>include\lib\glm\gtx</Filter>
    </None>
    <None Include="include\glm\gtx\type_aligned.inl">
      <Filter>include\lib\glm\gtx</Filter>
    </None>
    <None Include="include\glm\gtx\type_trait.inl">
      <Filter>include\lib\glm\gtx</Filter>
    </None>
    <None Include="include\glm\gtx\vector_angle.inl">
      <Filter>include\lib\glm\gtx</Filter>
    </None>
    <None Include="include\glm\gtx\vector_query.inl">
      <Filter>include\lib\glm\gtx</Filter>
    </None>
    <None Include="include\glm\gtx\wrap.inl">
      <Filter>include\lib\glm\gtx</Filter>
    </None>
    <None Include="include\assimp\.editorconfig">
      <Filter>include\assimp</Filter>
    </None>
    <None Include="include\assimp\color4.inl">
      <Filter>include\assimp</Filter>
    </None>
    <None Include="include\assimp\material.inl">
      <Filter>include\assimp</Filter>
    </None>
    <None Include="include\assimp\matrix3x3.inl">
      <Filter>include\assimp</Filter>
    </None>
    <None Include="include\assimp\matrix4x4.inl">
      <Filter>include\assimp</Filter>
    </None>
    <None Include="include\assimp\quaternion.inl">
      <Filter>include\assimp</Filter>
    </None>
    <None Include="include\assimp\vector2.inl">
      <Filter>include\assimp</Filter>
    </None>
    <None Include="include\assimp\vector3.inl">
      <Filter>include\assimp</Filter>
    </None>
  </ItemGroup>
  <ItemGroup>
    <Image Include="assets\container.jpg">
      <Filter>assets</Filter>
    </Image>
    <Image Include="assets\awesomeface.png">
      <Filter>assets</Filter>
    </Image>
    <Image Include="assets\container2.png">
      <Filter>assets</Filter>
    </Image>
    <Image Include="assets\container2_specular.png">
      <Filter>assets</Filter>
    </Image>
  </ItemGroup>
</Project>